{
  "name": "DatingApp",
  "version": "1.0.0",
  "lockfileVersion": 2,
  "requires": true,
  "packages": {
    "": {
      "version": "1.0.0",
      "license": "ISC",
      "dependencies": {
        "ngx-toastr": "^14.0.0"
      },
      "devDependencies": {}
    },
    "node_modules/ngx-toastr": {
      "version": "14.0.0",
      "resolved": "https://registry.npmjs.org/ngx-toastr/-/ngx-toastr-14.0.0.tgz",
      "integrity": "sha512-dnDzSY73pF6FvNyxdh6ftfvXvUg6SU7MAT3orPUCzA77t3ZcFslro06zk4NCA2g67RF7dBwM0OJ/y0SN6fdGYw==",
      "dependencies": {
        "tslib": "^2.1.0"
      },
      "peerDependencies": {
        "@angular/common": ">=12.0.0-0",
        "@angular/core": ">=12.0.0-0",
        "@angular/platform-browser": ">=12.0.0-0"
      }
    },
    "node_modules/tslib": {
      "version": "2.3.0",
      "resolved": "https://registry.npmjs.org/tslib/-/tslib-2.3.0.tgz",
      "integrity": "sha512-N82ooyxVNm6h1riLCoyS9e3fuJ3AMG2zIZs2Gd1ATcSFjSA23Q0fzjjZeh0jbJvWVDZ0cJT8yaNNaaXHzueNjg=="
    }
  },
  "dependencies": {
    "ngx-toastr": {
      "version": "14.0.0",
      "resolved": "https://registry.npmjs.org/ngx-toastr/-/ngx-toastr-14.0.0.tgz",
      "integrity": "sha512-dnDzSY73pF6FvNyxdh6ftfvXvUg6SU7MAT3orPUCzA77t3ZcFslro06zk4NCA2g67RF7dBwM0OJ/y0SN6fdGYw==",
      "requires": {
        "tslib": "^2.1.0"
      }
    },
    "tslib": {
      "version": "2.3.0",
      "resolved": "https://registry.npmjs.org/tslib/-/tslib-2.3.0.tgz",
      "integrity": "sha512-N82ooyxVNm6h1riLCoyS9e3fuJ3AMG2zIZs2Gd1ATcSFjSA23Q0fzjjZeh0jbJvWVDZ0cJT8yaNNaaXHzueNjg=="
    }
  }
}
